
Microsoft Visual Studio Solution File, Format Version 12.00
# Visual Studio Version 17
VisualStudioVersion = 17.2.32630.192
MinimumVisualStudioVersion = 10.0.40219.1
Project("{9A19103F-16F7-4668-BE54-9A1E7A4F7556}") = "CrossplatformsTasks", "CrossplatformsTasks.csproj", "{92CC9604-7B70-4974-88F6-0BC4198349D9}"
EndProject
Global
	GlobalSection(SolutionConfigurationPlatforms) = preSolution
		Debug|Any CPU = Debug|Any CPU
		Release|Any CPU = Release|Any CPU
	EndGlobalSection
	GlobalSection(ProjectConfigurationPlatforms) = postSolution
		{92CC9604-7B70-4974-88F6-0BC4198349D9}.Debug|Any CPU.ActiveCfg = Debug|Any CPU
		{92CC9604-7B70-4974-88F6-0BC4198349D9}.Debug|Any CPU.Build.0 = Debug|Any CPU
		{92CC9604-7B70-4974-88F6-0BC4198349D9}.Release|Any CPU.ActiveCfg = Release|Any CPU
		{92CC9604-7B70-4974-88F6-0BC4198349D9}.Release|Any CPU.Build.0 = Release|Any CPU
	EndGlobalSection
	GlobalSection(SolutionProperties) = preSolution
		HideSolutionNode = FALSE
	EndGlobalSection
	GlobalSection(ExtensibilityGlobals) = postSolution
		SolutionGuid = {81E21FCC-B72E-4401-AFAE-4D782774CB97}
	EndGlobalSection
EndGlobal
